
Microsoft Visual Studio Solution File, Format Version 12.00
Project("{FAE04EC0-301F-11D3-BF4B-00C04F79EFBC}") = "NibblePoker.Library.RegistryHelpers", "NibblePoker.Library.RegistryHelpers\NibblePoker.Library.RegistryHelpers.csproj", "{6283D5FE-D923-4923-95C3-195364ACBE18}"
EndProject
Project("{FAE04EC0-301F-11D3-BF4B-00C04F79EFBC}") = "NibblePoker.Library.Tests", "NibblePoker.Library.Tests\NibblePoker.Library.Tests.csproj", "{D1A63FCD-51C3-40D1-BB8D-62E223255893}"
EndProject
Global
	GlobalSection(SolutionConfigurationPlatforms) = preSolution
		Debug|Any CPU = Debug|Any CPU
		Release|Any CPU = Release|Any CPU
	EndGlobalSection
	GlobalSection(ProjectConfigurationPlatforms) = postSolution
		{6283D5FE-D923-4923-95C3-195364ACBE18}.Debug|Any CPU.ActiveCfg = Debug|Any CPU
		{6283D5FE-D923-4923-95C3-195364ACBE18}.Debug|Any CPU.Build.0 = Debug|Any CPU
		{6283D5FE-D923-4923-95C3-195364ACBE18}.Release|Any CPU.ActiveCfg = Release|Any CPU
		{6283D5FE-D923-4923-95C3-195364ACBE18}.Release|Any CPU.Build.0 = Release|Any CPU
		{D1A63FCD-51C3-40D1-BB8D-62E223255893}.Debug|Any CPU.ActiveCfg = Debug|Any CPU
		{D1A63FCD-51C3-40D1-BB8D-62E223255893}.Debug|Any CPU.Build.0 = Debug|Any CPU
		{D1A63FCD-51C3-40D1-BB8D-62E223255893}.Release|Any CPU.ActiveCfg = Release|Any CPU
		{D1A63FCD-51C3-40D1-BB8D-62E223255893}.Release|Any CPU.Build.0 = Release|Any CPU
	EndGlobalSection
EndGlobal
